{
  "name": "@kingggg5/shipproof",
  "version": "0.5.1",
  "lockfileVersion": 3,
  "requires": true,
  "packages": {
    "": {
      "name": "@kingggg5/shipproof",
      "version": "0.5.1",
      "license": "MIT",
      "bin": {
        "shipproof": "bin/shipproof.mjs"
      },
      "engines": {
        "node": ">=20"
      },
      "peerDependencies": {
        "@modelcontextprotocol/sdk": "1.29.0",
        "zod": "3.25.76"
      },
      "peerDependenciesMeta": {
        "@modelcontextprotocol/sdk": {
          "optional": true
        },
        "zod": {
          "optional": true
        }
      }
    }
  }
}
